
Microsoft Visual Studio Solution File, Format Version 12.00
# Visual Studio Version 17
VisualStudioVersion = 17.6.33815.320
MinimumVisualStudioVersion = 10.0.40219.1
Project("{FAE04EC0-301F-11D3-BF4B-00C04F79EFBC}") = "SistemaDeTarefas(api_basica)", "SistemaDeTarefas(api_basica)\SistemaDeTarefas(api_basica).csproj", "{68CA5BE9-3944-4EA6-9790-8658590D105D}"
EndProject
Global
	GlobalSection(SolutionConfigurationPlatforms) = preSolution
		Debug|Any CPU = Debug|Any CPU
		Release|Any CPU = Release|Any CPU
	EndGlobalSection
	GlobalSection(ProjectConfigurationPlatforms) = postSolution
		{68CA5BE9-3944-4EA6-9790-8658590D105D}.Debug|Any CPU.ActiveCfg = Debug|Any CPU
		{68CA5BE9-3944-4EA6-9790-8658590D105D}.Debug|Any CPU.Build.0 = Debug|Any CPU
		{68CA5BE9-3944-4EA6-9790-8658590D105D}.Release|Any CPU.ActiveCfg = Release|Any CPU
		{68CA5BE9-3944-4EA6-9790-8658590D105D}.Release|Any CPU.Build.0 = Release|Any CPU
	EndGlobalSection
	GlobalSection(SolutionProperties) = preSolution
		HideSolutionNode = FALSE
	EndGlobalSection
	GlobalSection(ExtensibilityGlobals) = postSolution
		SolutionGuid = {207A92C3-C78E-46F8-81D0-2D4BE65DA667}
	EndGlobalSection
EndGlobal
